
Microsoft Visual Studio Solution File, Format Version 12.00
# Visual Studio Version 16
VisualStudioVersion = 16.0.31729.503
MinimumVisualStudioVersion = 10.0.40219.1
Project("{FAE04EC0-301F-11D3-BF4B-00C04F79EFBC}") = "Task3.1", "Task3.1\Task3.1.csproj", "{B64264E3-8907-490E-8A75-229982322D02}"
EndProject
Global
	GlobalSection(SolutionConfigurationPlatforms) = preSolution
		Debug|Any CPU = Debug|Any CPU
		Release|Any CPU = Release|Any CPU
	EndGlobalSection
	GlobalSection(ProjectConfigurationPlatforms) = postSolution
		{B64264E3-8907-490E-8A75-229982322D02}.Debug|Any CPU.ActiveCfg = Debug|Any CPU
		{B64264E3-8907-490E-8A75-229982322D02}.Debug|Any CPU.Build.0 = Debug|Any CPU
		{B64264E3-8907-490E-8A75-229982322D02}.Release|Any CPU.ActiveCfg = Release|Any CPU
		{B64264E3-8907-490E-8A75-229982322D02}.Release|Any CPU.Build.0 = Release|Any CPU
	EndGlobalSection
	GlobalSection(SolutionProperties) = preSolution
		HideSolutionNode = FALSE
	EndGlobalSection
	GlobalSection(ExtensibilityGlobals) = postSolution
		SolutionGuid = {22501534-FB15-496E-979A-CCA9C784CDF9}
	EndGlobalSection
EndGlobal
