
Microsoft Visual Studio Solution File, Format Version 12.00
# Visual Studio Version 16
VisualStudioVersion = 16.0.31729.503
MinimumVisualStudioVersion = 10.0.40219.1
Project("{FAE04EC0-301F-11D3-BF4B-00C04F79EFBC}") = "task 8.4", "task 8.4\task 8.4.csproj", "{AE7CCAAA-1FDF-4434-B514-DF118FB5535C}"
EndProject
Global
	GlobalSection(SolutionConfigurationPlatforms) = preSolution
		Debug|Any CPU = Debug|Any CPU
		Release|Any CPU = Release|Any CPU
	EndGlobalSection
	GlobalSection(ProjectConfigurationPlatforms) = postSolution
		{AE7CCAAA-1FDF-4434-B514-DF118FB5535C}.Debug|Any CPU.ActiveCfg = Debug|Any CPU
		{AE7CCAAA-1FDF-4434-B514-DF118FB5535C}.Debug|Any CPU.Build.0 = Debug|Any CPU
		{AE7CCAAA-1FDF-4434-B514-DF118FB5535C}.Release|Any CPU.ActiveCfg = Release|Any CPU
		{AE7CCAAA-1FDF-4434-B514-DF118FB5535C}.Release|Any CPU.Build.0 = Release|Any CPU
	EndGlobalSection
	GlobalSection(SolutionProperties) = preSolution
		HideSolutionNode = FALSE
	EndGlobalSection
	GlobalSection(ExtensibilityGlobals) = postSolution
		SolutionGuid = {4F4B7184-1034-4FF4-BAB1-83F14D25565B}
	EndGlobalSection
EndGlobal
