
Microsoft Visual Studio Solution File, Format Version 12.00
# Visual Studio Version 17
VisualStudioVersion = 17.3.32901.215
MinimumVisualStudioVersion = 10.0.40219.1
Project("{FAE04EC0-301F-11D3-BF4B-00C04F79EFBC}") = "ConsigmentStruct", "Consigment\ConsigmentStruct.csproj", "{E6029954-BED5-42F1-BB40-1A3FE6138118}"
EndProject
Project("{FAE04EC0-301F-11D3-BF4B-00C04F79EFBC}") = "ConsigmentTests", "ConsigmentTests\ConsigmentTests.csproj", "{387A7ADB-F664-4ED7-8176-27E21E491E5D}"
EndProject
Global
	GlobalSection(SolutionConfigurationPlatforms) = preSolution
		Debug|Any CPU = Debug|Any CPU
		Release|Any CPU = Release|Any CPU
	EndGlobalSection
	GlobalSection(ProjectConfigurationPlatforms) = postSolution
		{E6029954-BED5-42F1-BB40-1A3FE6138118}.Debug|Any CPU.ActiveCfg = Debug|Any CPU
		{E6029954-BED5-42F1-BB40-1A3FE6138118}.Debug|Any CPU.Build.0 = Debug|Any CPU
		{E6029954-BED5-42F1-BB40-1A3FE6138118}.Release|Any CPU.ActiveCfg = Release|Any CPU
		{E6029954-BED5-42F1-BB40-1A3FE6138118}.Release|Any CPU.Build.0 = Release|Any CPU
		{387A7ADB-F664-4ED7-8176-27E21E491E5D}.Debug|Any CPU.ActiveCfg = Debug|Any CPU
		{387A7ADB-F664-4ED7-8176-27E21E491E5D}.Debug|Any CPU.Build.0 = Debug|Any CPU
		{387A7ADB-F664-4ED7-8176-27E21E491E5D}.Release|Any CPU.ActiveCfg = Release|Any CPU
		{387A7ADB-F664-4ED7-8176-27E21E491E5D}.Release|Any CPU.Build.0 = Release|Any CPU
	EndGlobalSection
	GlobalSection(SolutionProperties) = preSolution
		HideSolutionNode = FALSE
	EndGlobalSection
	GlobalSection(ExtensibilityGlobals) = postSolution
		SolutionGuid = {B728C299-87B4-4D11-8BB8-51A1F54FF5F0}
	EndGlobalSection
EndGlobal
