
Microsoft Visual Studio Solution File, Format Version 12.00
# Visual Studio Version 16
VisualStudioVersion = 16.0.32002.261
MinimumVisualStudioVersion = 10.0.40219.1
Project("{FAE04EC0-301F-11D3-BF4B-00C04F79EFBC}") = "task4fortest", "task4fortest\task4fortest.csproj", "{42FBAB1B-6363-4724-B1F3-FA376BC1AB65}"
EndProject
Global
	GlobalSection(SolutionConfigurationPlatforms) = preSolution
		Debug|Any CPU = Debug|Any CPU
		Release|Any CPU = Release|Any CPU
	EndGlobalSection
	GlobalSection(ProjectConfigurationPlatforms) = postSolution
		{42FBAB1B-6363-4724-B1F3-FA376BC1AB65}.Debug|Any CPU.ActiveCfg = Debug|Any CPU
		{42FBAB1B-6363-4724-B1F3-FA376BC1AB65}.Debug|Any CPU.Build.0 = Debug|Any CPU
		{42FBAB1B-6363-4724-B1F3-FA376BC1AB65}.Release|Any CPU.ActiveCfg = Release|Any CPU
		{42FBAB1B-6363-4724-B1F3-FA376BC1AB65}.Release|Any CPU.Build.0 = Release|Any CPU
	EndGlobalSection
	GlobalSection(SolutionProperties) = preSolution
		HideSolutionNode = FALSE
	EndGlobalSection
	GlobalSection(ExtensibilityGlobals) = postSolution
		SolutionGuid = {B5B7E5CD-9FBD-4FAA-B570-DAF5A25AD63B}
	EndGlobalSection
EndGlobal
